// !$*UTF8*$!
{
	archiveVersion = 1;
	classes = {
	};
	objectVersion = 56;
	objects = {

/* Begin PBXBuildFile section */
		6EAE15242910123D00FCE2D4 /* AppDelegate.swift in Sources */ = {isa = PBXBuildFile; fileRef = 6EAE15232910123D00FCE2D4 /* AppDelegate.swift */; };
		6EAE15262910123D00FCE2D4 /* SceneDelegate.swift in Sources */ = {isa = PBXBuildFile; fileRef = 6EAE15252910123D00FCE2D4 /* SceneDelegate.swift */; };
		6EAE15282910123D00FCE2D4 /* ViewController.swift in Sources */ = {isa = PBXBuildFile; fileRef = 6EAE15272910123D00FCE2D4 /* ViewController.swift */; };
		6EAE152B2910123D00FCE2D4 /* Main.storyboard in Resources */ = {isa = PBXBuildFile; fileRef = 6EAE15292910123D00FCE2D4 /* Main.storyboard */; };
		6EAE152D2910123F00FCE2D4 /* Assets.xcassets in Resources */ = {isa = PBXBuildFile; fileRef = 6EAE152C2910123F00FCE2D4 /* Assets.xcassets */; };
		6EAE15302910123F00FCE2D4 /* LaunchScreen.storyboard in Resources */ = {isa = PBXBuildFile; fileRef = 6EAE152E2910123F00FCE2D4 /* LaunchScreen.storyboard */; };
		6EAE15382910137200FCE2D4 /* APICaller.swift in Sources */ = {isa = PBXBuildFile; fileRef = 6EAE15372910137200FCE2D4 /* APICaller.swift */; };
		6EAE153A29102ACB00FCE2D4 /* NewsTableViewCell.swift in Sources */ = {isa = PBXBuildFile; fileRef = 6EAE153929102ACB00FCE2D4 /* NewsTableViewCell.swift */; };
/* End PBXBuildFile section */

/* Begin PBXFileReference section */
		6EAE15202910123D00FCE2D4 /* Handheld-Business-Watcher-News-App.app */ = {isa = PBXFileReference; explicitFileType = wrapper.application; includeInIndex = 0; path = "Handheld-Business-Watcher-News-App.app"; sourceTree = BUILT_PRODUCTS_DIR; };
		6EAE15232910123D00FCE2D4 /* AppDelegate.swift */ = {isa = PBXFileReference; lastKnownFileType = sourcecode.swift; path = AppDelegate.swift; sourceTree = "<group>"; };
		6EAE15252910123D00FCE2D4 /* SceneDelegate.swift */ = {isa = PBXFileReference; lastKnownFileType = sourcecode.swift; path = SceneDelegate.swift; sourceTree = "<group>"; };
		6EAE15272910123D00FCE2D4 /* ViewController.swift */ = {isa = PBXFileReference; lastKnownFileType = sourcecode.swift; path = ViewController.swift; sourceTree = "<group>"; };
		6EAE152A2910123D00FCE2D4 /* Base */ = {isa = PBXFileReference; lastKnownFileType = file.storyboard; name = Base; path = Base.lproj/Main.storyboard; sourceTree = "<group>"; };
		6EAE152C2910123F00FCE2D4 /* Assets.xcassets */ = {isa = PBXFileReference; lastKnownFileType = folder.assetcatalog; path = Assets.xcassets; sourceTree = "<group>"; };
		6EAE152F2910123F00FCE2D4 /* Base */ = {isa = PBXFileReference; lastKnownFileType = file.storyboard; name = Base; path = Base.lproj/LaunchScreen.storyboard; sourceTree = "<group>"; };
		6EAE15312910123F00FCE2D4 /* Info.plist */ = {isa = PBXFileReference; lastKnownFileType = text.plist.xml; path = Info.plist; sourceTree = "<group>"; };
		6EAE15372910137200FCE2D4 /* APICaller.swift */ = {isa = PBXFileReference; lastKnownFileType = sourcecode.swift; path = APICaller.swift; sourceTree = "<group>"; };
		6EAE153929102ACB00FCE2D4 /* NewsTableViewCell.swift */ = {isa = PBXFileReference; lastKnownFileType = sourcecode.swift; path = NewsTableViewCell.swift; sourceTree = "<group>"; };
/* End PBXFileReference section */

/* Begin PBXFrameworksBuildPhase section */
		6EAE151D2910123D00FCE2D4 /* Frameworks */ = {
			isa = PBXFrameworksBuildPhase;
			buildActionMask = 2147483647;
			files = (
			);
			runOnlyForDeploymentPostprocessing = 0;
		};
/* End PBXFrameworksBuildPhase section */

/* Begin PBXGroup section */
		6EAE15172910123D00FCE2D4 = {
			isa = PBXGroup;
			children = (
				6EAE15222910123D00FCE2D4 /* Handheld-Business-Watcher-News-App */,
				6EAE15212910123D00FCE2D4 /* Products */,
			);
			sourceTree = "<group>";
		};
		6EAE15212910123D00FCE2D4 /* Products */ = {
			isa = PBXGroup;
			children = (
				6EAE15202910123D00FCE2D4 /* Handheld-Business-Watcher-News-App.app */,
			);
			name = Products;
			sourceTree = "<group>";
		};
		6EAE15222910123D00FCE2D4 /* Handheld-Business-Watcher-News-App */ = {
			isa = PBXGroup;
			children = (
				6EAE15232910123D00FCE2D4 /* AppDelegate.swift */,
				6EAE15252910123D00FCE2D4 /* SceneDelegate.swift */,
				6EAE15272910123D00FCE2D4 /* ViewController.swift */,
				6EAE15372910137200FCE2D4 /* APICaller.swift */,
				6EAE153929102ACB00FCE2D4 /* NewsTableViewCell.swift */,
				6EAE15292910123D00FCE2D4 /* Main.storyboard */,
				6EAE152C2910123F00FCE2D4 /* Assets.xcassets */,
				6EAE152E2910123F00FCE2D4 /* LaunchScreen.storyboard */,
				6EAE15312910123F00FCE2D4 /* Info.plist */,
			);
			path = "Handheld-Business-Watcher-News-App";
			sourceTree = "<group>";
		};
/* End PBXGroup section */

/* Begin PBXNativeTarget section */
		6EAE151F2910123D00FCE2D4 /* Handheld-Business-Watcher-News-App */ = {
			isa = PBXNativeTarget;
			buildConfigurationList = 6EAE15342910123F00FCE2D4 /* Build configuration list for PBXNativeTarget "Handheld-Business-Watcher-News-App" */;
			buildPhases = (
				6EAE151C2910123D00FCE2D4 /* Sources */,
				6EAE151D2910123D00FCE2D4 /* Frameworks */,
				6EAE151E2910123D00FCE2D4 /* Resources */,
			);
			buildRules = (
			);
			dependencies = (
			);
			name = "Handheld-Business-Watcher-News-App";
			productName = "Handheld-TechCrunch-News-App";
			productReference = 6EAE15202910123D00FCE2D4 /* Handheld-Business-Watcher-News-App.app */;
			productType = "com.apple.product-type.application";
		};
/* End PBXNativeTarget section */

/* Begin PBXProject section */
		6EAE15182910123D00FCE2D4 /* Project object */ = {
			isa = PBXProject;
			attributes = {
				BuildIndependentTargetsInParallel = 1;
				LastSwiftUpdateCheck = 1400;
				LastUpgradeCheck = 1400;
				TargetAttributes = {
					6EAE151F2910123D00FCE2D4 = {
						CreatedOnToolsVersion = 14.0.1;
					};
				};
			};
			buildConfigurationList = 6EAE151B2910123D00FCE2D4 /* Build configuration list for PBXProject "Handheld-Business-Watcher-News-App" */;
			compatibilityVersion = "Xcode 14.0";
			developmentRegion = en;
			hasScannedForEncodings = 0;
			knownRegions = (
				en,
				Base,
			);
			mainGroup = 6EAE15172910123D00FCE2D4;
			productRefGroup = 6EAE15212910123D00FCE2D4 /* Products */;
			projectDirPath = "";
			projectRoot = "";
			targets = (
				6EAE151F2910123D00FCE2D4 /* Handheld-Business-Watcher-News-App */,
			);
		};
/* End PBXProject section */

/* Begin PBXResourcesBuildPhase section */
		6EAE151E2910123D00FCE2D4 /* Resources */ = {
			isa = PBXResourcesBuildPhase;
			buildActionMask = 2147483647;
			files = (
				6EAE15302910123F00FCE2D4 /* LaunchScreen.storyboard in Resources */,
				6EAE152D2910123F00FCE2D4 /* Assets.xcassets in Resources */,
				6EAE152B2910123D00FCE2D4 /* Main.storyboard in Resources */,
			);
			runOnlyForDeploymentPostprocessing = 0;
		};
/* End PBXResourcesBuildPhase section */

/* Begin PBXSourcesBuildPhase section */
		6EAE151C2910123D00FCE2D4 /* Sources */ = {
			isa = PBXSourcesBuildPhase;
			buildActionMask = 2147483647;
			files = (
				6EAE15282910123D00FCE2D4 /* ViewController.swift in Sources */,
				6EAE15242910123D00FCE2D4 /* AppDelegate.swift in Sources */,
				6EAE153A29102ACB00FCE2D4 /* NewsTableViewCell.swift in Sources */,
				6EAE15262910123D00FCE2D4 /* SceneDelegate.swift in Sources */,
				6EAE15382910137200FCE2D4 /* APICaller.swift in Sources */,
			);
			runOnlyForDeploymentPostprocessing = 0;
		};
/* End PBXSourcesBuildPhase section */

/* Begin PBXVariantGroup section */
		6EAE15292910123D00FCE2D4 /* Main.storyboard */ = {
			isa = PBXVariantGroup;
			children = (
				6EAE152A2910123D00FCE2D4 /* Base */,
			);
			name = Main.storyboard;
			sourceTree = "<group>";
		};
		6EAE152E2910123F00FCE2D4 /* LaunchScreen.storyboard */ = {
			isa = PBXVariantGroup;
			children = (
				6EAE152F2910123F00FCE2D4 /* Base */,
			);
			name = LaunchScreen.storyboard;
			sourceTree = "<group>";
		};
/* End PBXVariantGroup section */

/* Begin XCBuildConfiguration section */
		6EAE15322910123F00FCE2D4 /* Debug */ = {
			isa = XCBuildConfiguration;
			buildSettings = {
				ALWAYS_SEARCH_USER_PATHS = NO;
				CLANG_ANALYZER_NONNULL = YES;
				CLANG_ANALYZER_NUMBER_OBJECT_CONVERSION = YES_AGGRESSIVE;
				CLANG_CXX_LANGUAGE_STANDARD = "gnu++20";
				CLANG_ENABLE_MODULES = YES;
				CLANG_ENABLE_OBJC_ARC = YES;
				CLANG_ENABLE_OBJC_WEAK = YES;
				CLANG_WARN_BLOCK_CAPTURE_AUTORELEASING = YES;
				CLANG_WARN_BOOL_CONVERSION = YES;
				CLANG_WARN_COMMA = YES;
				CLANG_WARN_CONSTANT_CONVERSION = YES;
				CLANG_WARN_DEPRECATED_OBJC_IMPLEMENTATIONS = YES;
				CLANG_WARN_DIRECT_OBJC_ISA_USAGE = YES_ERROR;
				CLANG_WARN_DOCUMENTATION_COMMENTS = YES;
				CLANG_WARN_EMPTY_BODY = YES;
				CLANG_WARN_ENUM_CONVERSION = YES;
				CLANG_WARN_INFINITE_RECURSION = YES;
				CLANG_WARN_INT_CONVERSION = YES;
				CLANG_WARN_NON_LITERAL_NULL_CONVERSION = YES;
				CLANG_WARN_OBJC_IMPLICIT_RETAIN_SELF = YES;
				CLANG_WARN_OBJC_LITERAL_CONVERSION = YES;
				CLANG_WARN_OBJC_ROOT_CLASS = YES_ERROR;
				CLANG_WARN_QUOTED_INCLUDE_IN_FRAMEWORK_HEADER = YES;
				CLANG_WARN_RANGE_LOOP_ANALYSIS = YES;
				CLANG_WARN_STRICT_PROTOTYPES = YES;
				CLANG_WARN_SUSPICIOUS_MOVE = YES;
				CLANG_WARN_UNGUARDED_AVAILABILITY = YES_AGGRESSIVE;
				CLANG_WARN_UNREACHABLE_CODE = YES;
				CLANG_WARN__DUPLICATE_METHOD_MATCH = YES;
				COPY_PHASE_STRIP = NO;
				DEBUG_INFORMATION_FORMAT = dwarf;
				ENABLE_STRICT_OBJC_MSGSEND = YES;
				ENABLE_TESTABILITY = YES;
				GCC_C_LANGUAGE_STANDARD = gnu11;
				GCC_DYNAMIC_NO_PIC = NO;
				GCC_NO_COMMON_BLOCKS = YES;
				GCC_OPTIMIZATION_LEVEL = 0;
				GCC_PREPROCESSOR_DEFINITIONS = (
					"DEBUG=1",
					"$(inherited)",
				);
				GCC_WARN_64_TO_32_BIT_CONVERSION = YES;
				GCC_WARN_ABOUT_RETURN_TYPE = YES_ERROR;
				GCC_WARN_UNDECLARED_SELECTOR = YES;
				GCC_WARN_UNINITIALIZED_AUTOS = YES_AGGRESSIVE;
				GCC_WARN_UNUSED_FUNCTION = YES;
				GCC_WARN_UNUSED_VARIABLE = YES;
				IPHONEOS_DEPLOYMENT_TARGET = 16.0;
				MTL_ENABLE_DEBUG_INFO = INCLUDE_SOURCE;
				MTL_FAST_MATH = YES;
				ONLY_ACTIVE_ARCH = YES;
				SDKROOT = iphoneos;
				SWIFT_ACTIVE_COMPILATION_CONDITIONS = DEBUG;
				SWIFT_OPTIMIZATION_LEVEL = "-Onone";
			};
			name = Debug;
		};
		6EAE15332910123F00FCE2D4 /* Release */ = {
			isa = XCBuildConfiguration;
			buildSettings = {
				ALWAYS_SEARCH_USER_PATHS = NO;
				CLANG_ANALYZER_NONNULL = YES;
				CLANG_ANALYZER_NUMBER_OBJECT_CONVERSION = YES_AGGRESSIVE;
				CLANG_CXX_LANGUAGE_STANDARD = "gnu++20";
				CLANG_ENABLE_MODULES = YES;
				CLANG_ENABLE_OBJC_ARC = YES;
				CLANG_ENABLE_OBJC_WEAK = YES;
				CLANG_WARN_BLOCK_CAPTURE_AUTORELEASING = YES;
				CLANG_WARN_BOOL_CONVERSION = YES;
				CLANG_WARN_COMMA = YES;
				CLANG_WARN_CONSTANT_CONVERSION = YES;
				CLANG_WARN_DEPRECATED_OBJC_IMPLEMENTATIONS = YES;
				CLANG_WARN_DIRECT_OBJC_ISA_USAGE = YES_ERROR;
				CLANG_WARN_DOCUMENTATION_COMMENTS = YES;
				CLANG_WARN_EMPTY_BODY = YES;
				CLANG_WARN_ENUM_CONVERSION = YES;
				CLANG_WARN_INFINITE_RECURSION = YES;
				CLANG_WARN_INT_CONVERSION = YES;
				CLANG_WARN_NON_LITERAL_NULL_CONVERSION = YES;
				CLANG_WARN_OBJC_IMPLICIT_RETAIN_SELF = YES;
				CLANG_WARN_OBJC_LITERAL_CONVERSION = YES;
				CLANG_WARN_OBJC_ROOT_CLASS = YES_ERROR;
				CLANG_WARN_QUOTED_INCLUDE_IN_FRAMEWORK_HEADER = YES;
				CLANG_WARN_RANGE_LOOP_ANALYSIS = YES;
				CLANG_WARN_STRICT_PROTOTYPES = YES;
				CLANG_WARN_SUSPICIOUS_MOVE = YES;
				CLANG_WARN_UNGUARDED_AVAILABILITY = YES_AGGRESSIVE;
				CLANG_WARN_UNREACHABLE_CODE = YES;
				CLANG_WARN__DUPLICATE_METHOD_MATCH = YES;
				COPY_PHASE_STRIP = NO;
				DEBUG_INFORMATION_FORMAT = "dwarf-with-dsym";
				ENABLE_NS_ASSERTIONS = NO;
				ENABLE_STRICT_OBJC_MSGSEND = YES;
				GCC_C_LANGUAGE_STANDARD = gnu11;
				GCC_NO_COMMON_BLOCKS = YES;
				GCC_WARN_64_TO_32_BIT_CONVERSION = YES;
				GCC_WARN_ABOUT_RETURN_TYPE = YES_ERROR;
				GCC_WARN_UNDECLARED_SELECTOR = YES;
				GCC_WARN_UNINITIALIZED_AUTOS = YES_AGGRESSIVE;
				GCC_WARN_UNUSED_FUNCTION = YES;
				GCC_WARN_UNUSED_VARIABLE = YES;
				IPHONEOS_DEPLOYMENT_TARGET = 16.0;
				MTL_ENABLE_DEBUG_INFO = NO;
				MTL_FAST_MATH = YES;
				SDKROOT = iphoneos;
				SWIFT_COMPILATION_MODE = wholemodule;
				SWIFT_OPTIMIZATION_LEVEL = "-O";
				VALIDATE_PRODUCT = YES;
			};
			name = Release;
		};
		6EAE15352910123F00FCE2D4 /* Debug */ = {
			isa = XCBuildConfiguration;
			buildSettings = {
				ASSETCATALOG_COMPILER_APPICON_NAME = AppIcon;
				ASSETCATALOG_COMPILER_GLOBAL_ACCENT_COLOR_NAME = AccentColor;
				CODE_SIGN_STYLE = Automatic;
				CURRENT_PROJECT_VERSION = 1;
				DEVELOPMENT_TEAM = "";
				GENERATE_INFOPLIST_FILE = YES;
				INFOPLIST_FILE = "Handheld-Business-Watcher-News-App/Info.plist";
				INFOPLIST_KEY_UIApplicationSupportsIndirectInputEvents = YES;
				INFOPLIST_KEY_UILaunchStoryboardName = LaunchScreen;
				INFOPLIST_KEY_UIMainStoryboardFile = Main;
				INFOPLIST_KEY_UISupportedInterfaceOrientations_iPad = "UIInterfaceOrientationPortrait UIInterfaceOrientationPortraitUpsideDown UIInterfaceOrientationLandscapeLeft UIInterfaceOrientationLandscapeRight";
				INFOPLIST_KEY_UISupportedInterfaceOrientations_iPhone = "UIInterfaceOrientationPortrait UIInterfaceOrientationLandscapeLeft UIInterfaceOrientationLandscapeRight";
				IPHONEOS_DEPLOYMENT_TARGET = 14.4;
				LD_RUNPATH_SEARCH_PATHS = (
					"$(inherited)",
					"@executable_path/Frameworks",
				);
				MARKETING_VERSION = 1.0;
				PRODUCT_BUNDLE_IDENTIFIER = "com.krystalzhang612.Handheld-Business-Watcher-News-App";
				PRODUCT_NAME = "$(TARGET_NAME)";
				SWIFT_EMIT_LOC_STRINGS = YES;
				SWIFT_VERSION = 5.0;
				TARGETED_DEVICE_FAMILY = "1,2";
			};
			name = Debug;
		};
		6EAE15362910123F00FCE2D4 /* Release */ = {
			isa = XCBuildConfiguration;
			buildSettings = {
				ASSETCATALOG_COMPILER_APPICON_NAME = AppIcon;
				ASSETCATALOG_COMPILER_GLOBAL_ACCENT_COLOR_NAME = AccentColor;
				CODE_SIGN_STYLE = Automatic;
				CURRENT_PROJECT_VERSION = 1;
				DEVELOPMENT_TEAM = "";
				GENERATE_INFOPLIST_FILE = YES;
				INFOPLIST_FILE = "Handheld-Business-Watcher-News-App/Info.plist";
				INFOPLIST_KEY_UIApplicationSupportsIndirectInputEvents = YES;
				INFOPLIST_KEY_UILaunchStoryboardName = LaunchScreen;
				INFOPLIST_KEY_UIMainStoryboardFile = Main;
				INFOPLIST_KEY_UISupportedInterfaceOrientations_iPad = "UIInterfaceOrientationPortrait UIInterfaceOrientationPortraitUpsideDown UIInterfaceOrientationLandscapeLeft UIInterfaceOrientationLandscapeRight";
				INFOPLIST_KEY_UISupportedInterfaceOrientations_iPhone = "UIInterfaceOrientationPortrait UIInterfaceOrientationLandscapeLeft UIInterfaceOrientationLandscapeRight";
				IPHONEOS_DEPLOYMENT_TARGET = 14.4;
				LD_RUNPATH_SEARCH_PATHS = (
					"$(inherited)",
					"@executable_path/Frameworks",
				);
				MARKETING_VERSION = 1.0;
				PRODUCT_BUNDLE_IDENTIFIER = "com.krystalzhang612.Handheld-Business-Watcher-News-App";
				PRODUCT_NAME = "$(TARGET_NAME)";
				SWIFT_EMIT_LOC_STRINGS = YES;
				SWIFT_VERSION = 5.0;
				TARGETED_DEVICE_FAMILY = "1,2";
			};
			name = Release;
		};
/* End XCBuildConfiguration section */

/* Begin XCConfigurationList section */
		6EAE151B2910123D00FCE2D4 /* Build configuration list for PBXProject "Handheld-Business-Watcher-News-App" */ = {
			isa = XCConfigurationList;
			buildConfigurations = (
				6EAE15322910123F00FCE2D4 /* Debug */,
				6EAE15332910123F00FCE2D4 /* Release */,
			);
			defaultConfigurationIsVisible = 0;
			defaultConfigurationName = Release;
		};
		6EAE15342910123F00FCE2D4 /* Build configuration list for PBXNativeTarget "Handheld-Business-Watcher-News-App" */ = {
			isa = XCConfigurationList;
			buildConfigurations = (
				6EAE15352910123F00FCE2D4 /* Debug */,
				6EAE15362910123F00FCE2D4 /* Release */,
			);
			defaultConfigurationIsVisible = 0;
			defaultConfigurationName = Release;
		};
/* End XCConfigurationList section */
	};
	rootObject = 6EAE15182910123D00FCE2D4 /* Project object */;
}
